<?xml version="1.0" encoding="utf-8"?>
<Project ToolsVersion="4.0" xmlns="http://schemas.microsoft.com/developer/msbuild/2003">
  <ItemGroup>
    <Filter Include="源文件">
      <UniqueIdentifier>{4FC737F1-C7A5-4376-A066-2A32D752A2FF}</UniqueIdentifier>
      <Extensions>cpp;c;cc;cxx;def;odl;idl;hpj;bat;asm;asmx</Extensions>
    </Filter>
    <Filter Include="头文件">
      <UniqueIdentifier>{93995380-89BD-4b04-88EB-625FBE52EBFB}</UniqueIdentifier>
      <Extensions>h;hpp;hxx;hm;inl;inc;xsd</Extensions>
    </Filter>
    <Filter Include="资源文件">
      <UniqueIdentifier>{67DA6AB6-F800-4c08-8B7A-83BB121AAD01}</UniqueIdentifier>
      <Extensions>rc;ico;cur;bmp;dlg;rc2;rct;bin;rgs;gif;jpg;jpeg;jpe;resx;tiff;tif;png;wav;mfcribbon-ms</Extensions>
    </Filter>
  </ItemGroup>
  <ItemGroup>
    <Text Include="ReadMe.txt" />
  </ItemGroup>
  <ItemGroup>
    <ClInclude Include="include\jconfig.h">
      <Filter>头文件</Filter>
    </ClInclude>
    <ClInclude Include="include\jdct.h">
      <Filter>头文件</Filter>
    </ClInclude>
    <ClInclude Include="include\jerror.h">
      <Filter>头文件</Filter>
    </ClInclude>
    <ClInclude Include="include\jinclude.h">
      <Filter>头文件</Filter>
    </ClInclude>
    <ClInclude Include="include\jmemsys.h">
      <Filter>头文件</Filter>
    </ClInclude>
    <ClInclude Include="include\jmorecfg.h">
      <Filter>头文件</Filter>
    </ClInclude>
    <ClInclude Include="include\jpegint.h">
      <Filter>头文件</Filter>
    </ClInclude>
    <ClInclude Include="include\jpeglib.h">
      <Filter>头文件</Filter>
    </ClInclude>
    <ClInclude Include="include\jversion.h">
      <Filter>头文件</Filter>
    </ClInclude>
  </ItemGroup>
  <ItemGroup>
    <ClCompile Include="source\jaricom.c">
      <Filter>源文件</Filter>
    </ClCompile>
    <ClCompile Include="source\jcapimin.c">
      <Filter>源文件</Filter>
    </ClCompile>
    <ClCompile Include="source\jcapistd.c">
      <Filter>源文件</Filter>
    </ClCompile>
    <ClCompile Include="source\jcarith.c">
      <Filter>源文件</Filter>
    </ClCompile>
    <ClCompile Include="source\jccoefct.c">
      <Filter>源文件</Filter>
    </ClCompile>
    <ClCompile Include="source\jccolor.c">
      <Filter>源文件</Filter>
    </ClCompile>
    <ClCompile Include="source\jcdctmgr.c">
      <Filter>源文件</Filter>
    </ClCompile>
    <ClCompile Include="source\jchuff.c">
      <Filter>源文件</Filter>
    </ClCompile>
    <ClCompile Include="source\jcinit.c">
      <Filter>源文件</Filter>
    </ClCompile>
    <ClCompile Include="source\jcmainct.c">
      <Filter>源文件</Filter>
    </ClCompile>
    <ClCompile Include="source\jcmarker.c">
      <Filter>源文件</Filter>
    </ClCompile>
    <ClCompile Include="source\jcmaster.c">
      <Filter>源文件</Filter>
    </ClCompile>
    <ClCompile Include="source\jcomapi.c">
      <Filter>源文件</Filter>
    </ClCompile>
    <ClCompile Include="source\jcparam.c">
      <Filter>源文件</Filter>
    </ClCompile>
    <ClCompile Include="source\jcprepct.c">
      <Filter>源文件</Filter>
    </ClCompile>
    <ClCompile Include="source\jcsample.c">
      <Filter>源文件</Filter>
    </ClCompile>
    <ClCompile Include="source\jctrans.c">
      <Filter>源文件</Filter>
    </ClCompile>
    <ClCompile Include="source\jdapimin.c">
      <Filter>源文件</Filter>
    </ClCompile>
    <ClCompile Include="source\jdapistd.c">
      <Filter>源文件</Filter>
    </ClCompile>
    <ClCompile Include="source\jdarith.c">
      <Filter>源文件</Filter>
    </ClCompile>
    <ClCompile Include="source\jdatadst.c">
      <Filter>源文件</Filter>
    </ClCompile>
    <ClCompile Include="source\jdatasrc.c">
      <Filter>源文件</Filter>
    </ClCompile>
    <ClCompile Include="source\jdcoefct.c">
      <Filter>源文件</Filter>
    </ClCompile>
    <ClCompile Include="source\jdcolor.c">
      <Filter>源文件</Filter>
    </ClCompile>
    <ClCompile Include="source\jddctmgr.c">
      <Filter>源文件</Filter>
    </ClCompile>
    <ClCompile Include="source\jdhuff.c">
      <Filter>源文件</Filter>
    </ClCompile>
    <ClCompile Include="source\jdinput.c">
      <Filter>源文件</Filter>
    </ClCompile>
    <ClCompile Include="source\jdmainct.c">
      <Filter>源文件</Filter>
    </ClCompile>
    <ClCompile Include="source\jdmarker.c">
      <Filter>源文件</Filter>
    </ClCompile>
    <ClCompile Include="source\jdmaster.c">
      <Filter>源文件</Filter>
    </ClCompile>
    <ClCompile Include="source\jdmerge.c">
      <Filter>源文件</Filter>
    </ClCompile>
    <ClCompile Include="source\jdpostct.c">
      <Filter>源文件</Filter>
    </ClCompile>
    <ClCompile Include="source\jdsample.c">
      <Filter>源文件</Filter>
    </ClCompile>
    <ClCompile Include="source\jdtrans.c">
      <Filter>源文件</Filter>
    </ClCompile>
    <ClCompile Include="source\jerror.c">
      <Filter>源文件</Filter>
    </ClCompile>
    <ClCompile Include="source\jfdctflt.c">
      <Filter>源文件</Filter>
    </ClCompile>
    <ClCompile Include="source\jfdctfst.c">
      <Filter>源文件</Filter>
    </ClCompile>
    <ClCompile Include="source\jfdctint.c">
      <Filter>源文件</Filter>
    </ClCompile>
    <ClCompile Include="source\jidctflt.c">
      <Filter>源文件</Filter>
    </ClCompile>
    <ClCompile Include="source\jidctfst.c">
      <Filter>源文件</Filter>
    </ClCompile>
    <ClCompile Include="source\jidctint.c">
      <Filter>源文件</Filter>
    </ClCompile>
    <ClCompile Include="source\jmemmgr.c">
      <Filter>源文件</Filter>
    </ClCompile>
    <ClCompile Include="source\jmemnobs.c">
      <Filter>源文件</Filter>
    </ClCompile>
    <ClCompile Include="source\jquant1.c">
      <Filter>源文件</Filter>
    </ClCompile>
    <ClCompile Include="source\jquant2.c">
      <Filter>源文件</Filter>
    </ClCompile>
    <ClCompile Include="source\jutils.c">
      <Filter>源文件</Filter>
    </ClCompile>
  </ItemGroup>
</Project>